// !$*UTF8*$!
{
	archiveVersion = 1;
	classes = {
	};
	objectVersion = 46;
	objects = {

/* Begin PBXBuildFile section */
		04DC7E0F1EFB9695007D448C /* main.m in Sources */ = {isa = PBXBuildFile; fileRef = 04DC7E0E1EFB9695007D448C /* main.m */; };
		04DC7E121EFB9695007D448C /* AppDelegate.m in Sources */ = {isa = PBXBuildFile; fileRef = 04DC7E111EFB9695007D448C /* AppDelegate.m */; };
		04DC7E151EFB9695007D448C /* ViewController.m in Sources */ = {isa = PBXBuildFile; fileRef = 04DC7E141EFB9695007D448C /* ViewController.m */; };
		04DC7E181EFB9696007D448C /* Main.storyboard in Resources */ = {isa = PBXBuildFile; fileRef = 04DC7E161EFB9696007D448C /* Main.storyboard */; };
		04DC7E1A1EFB9696007D448C /* Assets.xcassets in Resources */ = {isa = PBXBuildFile; fileRef = 04DC7E191EFB9696007D448C /* Assets.xcassets */; };
		04DC7E1D1EFB9697007D448C /* LaunchScreen.storyboard in Resources */ = {isa = PBXBuildFile; fileRef = 04DC7E1B1EFB9697007D448C /* LaunchScreen.storyboard */; };
		04DC7E281EFB9697007D448C /* MQTTIMDemoTests.m in Sources */ = {isa = PBXBuildFile; fileRef = 04DC7E271EFB9697007D448C /* MQTTIMDemoTests.m */; };
		04DC7E331EFB9697007D448C /* MQTTIMDemoUITests.m in Sources */ = {isa = PBXBuildFile; fileRef = 04DC7E321EFB9697007D448C /* MQTTIMDemoUITests.m */; };
		04DC7E421EFBBB07007D448C /* MQTTManager.m in Sources */ = {isa = PBXBuildFile; fileRef = 04DC7E411EFBBB07007D448C /* MQTTManager.m */; };
		4EAA7A874E6B7F10F7F649F6 /* libPods-MQTTIMDemo.a in Frameworks */ = {isa = PBXBuildFile; fileRef = 8D11D6039A1FE222E3A47C12 /* libPods-MQTTIMDemo.a */; };
/* End PBXBuildFile section */

/* Begin PBXContainerItemProxy section */
		04DC7E241EFB9697007D448C /* PBXContainerItemProxy */ = {
			isa = PBXContainerItemProxy;
			containerPortal = 04DC7E021EFB9694007D448C /* Project object */;
			proxyType = 1;
			remoteGlobalIDString = 04DC7E091EFB9694007D448C;
			remoteInfo = MQTTIMDemo;
		};
		04DC7E2F1EFB9697007D448C /* PBXContainerItemProxy */ = {
			isa = PBXContainerItemProxy;
			containerPortal = 04DC7E021EFB9694007D448C /* Project object */;
			proxyType = 1;
			remoteGlobalIDString = 04DC7E091EFB9694007D448C;
			remoteInfo = MQTTIMDemo;
		};
/* End PBXContainerItemProxy section */

/* Begin PBXFileReference section */
		04DC7E0A1EFB9695007D448C /* MQTTIMDemo.app */ = {isa = PBXFileReference; explicitFileType = wrapper.application; includeInIndex = 0; path = MQTTIMDemo.app; sourceTree = BUILT_PRODUCTS_DIR; };
		04DC7E0E1EFB9695007D448C /* main.m */ = {isa = PBXFileReference; lastKnownFileType = sourcecode.c.objc; path = main.m; sourceTree = "<group>"; };
		04DC7E101EFB9695007D448C /* AppDelegate.h */ = {isa = PBXFileReference; lastKnownFileType = sourcecode.c.h; path = AppDelegate.h; sourceTree = "<group>"; };
		04DC7E111EFB9695007D448C /* AppDelegate.m */ = {isa = PBXFileReference; lastKnownFileType = sourcecode.c.objc; path = AppDelegate.m; sourceTree = "<group>"; };
		04DC7E131EFB9695007D448C /* ViewController.h */ = {isa = PBXFileReference; lastKnownFileType = sourcecode.c.h; path = ViewController.h; sourceTree = "<group>"; };
		04DC7E141EFB9695007D448C /* ViewController.m */ = {isa = PBXFileReference; lastKnownFileType = sourcecode.c.objc; path = ViewController.m; sourceTree = "<group>"; };
		04DC7E171EFB9696007D448C /* Base */ = {isa = PBXFileReference; lastKnownFileType = file.storyboard; name = Base; path = Base.lproj/Main.storyboard; sourceTree = "<group>"; };
		04DC7E191EFB9696007D448C /* Assets.xcassets */ = {isa = PBXFileReference; lastKnownFileType = folder.assetcatalog; path = Assets.xcassets; sourceTree = "<group>"; };
		04DC7E1C1EFB9697007D448C /* Base */ = {isa = PBXFileReference; lastKnownFileType = file.storyboard; name = Base; path = Base.lproj/LaunchScreen.storyboard; sourceTree = "<group>"; };
		04DC7E1E1EFB9697007D448C /* Info.plist */ = {isa = PBXFileReference; lastKnownFileType = text.plist.xml; path = Info.plist; sourceTree = "<group>"; };
		04DC7E231EFB9697007D448C /* MQTTIMDemoTests.xctest */ = {isa = PBXFileReference; explicitFileType = wrapper.cfbundle; includeInIndex = 0; path = MQTTIMDemoTests.xctest; sourceTree = BUILT_PRODUCTS_DIR; };
		04DC7E271EFB9697007D448C /* MQTTIMDemoTests.m */ = {isa = PBXFileReference; lastKnownFileType = sourcecode.c.objc; path = MQTTIMDemoTests.m; sourceTree = "<group>"; };
		04DC7E291EFB9697007D448C /* Info.plist */ = {isa = PBXFileReference; lastKnownFileType = text.plist.xml; path = Info.plist; sourceTree = "<group>"; };
		04DC7E2E1EFB9697007D448C /* MQTTIMDemoUITests.xctest */ = {isa = PBXFileReference; explicitFileType = wrapper.cfbundle; includeInIndex = 0; path = MQTTIMDemoUITests.xctest; sourceTree = BUILT_PRODUCTS_DIR; };
		04DC7E321EFB9697007D448C /* MQTTIMDemoUITests.m */ = {isa = PBXFileReference; lastKnownFileType = sourcecode.c.objc; path = MQTTIMDemoUITests.m; sourceTree = "<group>"; };
		04DC7E341EFB9697007D448C /* Info.plist */ = {isa = PBXFileReference; lastKnownFileType = text.plist.xml; path = Info.plist; sourceTree = "<group>"; };
		04DC7E401EFBBB07007D448C /* MQTTManager.h */ = {isa = PBXFileReference; fileEncoding = 4; lastKnownFileType = sourcecode.c.h; path = MQTTManager.h; sourceTree = "<group>"; };
		04DC7E411EFBBB07007D448C /* MQTTManager.m */ = {isa = PBXFileReference; fileEncoding = 4; lastKnownFileType = sourcecode.c.objc; path = MQTTManager.m; sourceTree = "<group>"; };
		358775077171DF46C3CFC595 /* Pods-MQTTIMDemo.debug.xcconfig */ = {isa = PBXFileReference; includeInIndex = 1; lastKnownFileType = text.xcconfig; name = "Pods-MQTTIMDemo.debug.xcconfig"; path = "Pods/Target Support Files/Pods-MQTTIMDemo/Pods-MQTTIMDemo.debug.xcconfig"; sourceTree = "<group>"; };
		3EA1D89938DCD99AA00AC168 /* Pods-MQTTIMDemo.release.xcconfig */ = {isa = PBXFileReference; includeInIndex = 1; lastKnownFileType = text.xcconfig; name = "Pods-MQTTIMDemo.release.xcconfig"; path = "Pods/Target Support Files/Pods-MQTTIMDemo/Pods-MQTTIMDemo.release.xcconfig"; sourceTree = "<group>"; };
		8D11D6039A1FE222E3A47C12 /* libPods-MQTTIMDemo.a */ = {isa = PBXFileReference; explicitFileType = archive.ar; includeInIndex = 0; path = "libPods-MQTTIMDemo.a"; sourceTree = BUILT_PRODUCTS_DIR; };
/* End PBXFileReference section */

/* Begin PBXFrameworksBuildPhase section */
		04DC7E071EFB9694007D448C /* Frameworks */ = {
			isa = PBXFrameworksBuildPhase;
			buildActionMask = 2147483647;
			files = (
				4EAA7A874E6B7F10F7F649F6 /* libPods-MQTTIMDemo.a in Frameworks */,
			);
			runOnlyForDeploymentPostprocessing = 0;
		};
		04DC7E201EFB9697007D448C /* Frameworks */ = {
			isa = PBXFrameworksBuildPhase;
			buildActionMask = 2147483647;
			files = (
			);
			runOnlyForDeploymentPostprocessing = 0;
		};
		04DC7E2B1EFB9697007D448C /* Frameworks */ = {
			isa = PBXFrameworksBuildPhase;
			buildActionMask = 2147483647;
			files = (
			);
			runOnlyForDeploymentPostprocessing = 0;
		};
/* End PBXFrameworksBuildPhase section */

/* Begin PBXGroup section */
		04DC7E011EFB9694007D448C = {
			isa = PBXGroup;
			children = (
				04DC7E0C1EFB9695007D448C /* MQTTIMDemo */,
				04DC7E261EFB9697007D448C /* MQTTIMDemoTests */,
				04DC7E311EFB9697007D448C /* MQTTIMDemoUITests */,
				04DC7E0B1EFB9695007D448C /* Products */,
				86EE639787312D8F70462169 /* Pods */,
				F645401F7B4EEF8144626472 /* Frameworks */,
			);
			sourceTree = "<group>";
		};
		04DC7E0B1EFB9695007D448C /* Products */ = {
			isa = PBXGroup;
			children = (
				04DC7E0A1EFB9695007D448C /* MQTTIMDemo.app */,
				04DC7E231EFB9697007D448C /* MQTTIMDemoTests.xctest */,
				04DC7E2E1EFB9697007D448C /* MQTTIMDemoUITests.xctest */,
			);
			name = Products;
			sourceTree = "<group>";
		};
		04DC7E0C1EFB9695007D448C /* MQTTIMDemo */ = {
			isa = PBXGroup;
			children = (
				04DC7E101EFB9695007D448C /* AppDelegate.h */,
				04DC7E111EFB9695007D448C /* AppDelegate.m */,
				04DC7E131EFB9695007D448C /* ViewController.h */,
				04DC7E141EFB9695007D448C /* ViewController.m */,
				04DC7E401EFBBB07007D448C /* MQTTManager.h */,
				04DC7E411EFBBB07007D448C /* MQTTManager.m */,
				04DC7E161EFB9696007D448C /* Main.storyboard */,
				04DC7E191EFB9696007D448C /* Assets.xcassets */,
				04DC7E1B1EFB9697007D448C /* LaunchScreen.storyboard */,
				04DC7E1E1EFB9697007D448C /* Info.plist */,
				04DC7E0D1EFB9695007D448C /* Supporting Files */,
			);
			path = MQTTIMDemo;
			sourceTree = "<group>";
		};
		04DC7E0D1EFB9695007D448C /* Supporting Files */ = {
			isa = PBXGroup;
			children = (
				04DC7E0E1EFB9695007D448C /* main.m */,
			);
			name = "Supporting Files";
			sourceTree = "<group>";
		};
		04DC7E261EFB9697007D448C /* MQTTIMDemoTests */ = {
			isa = PBXGroup;
			children = (
				04DC7E271EFB9697007D448C /* MQTTIMDemoTests.m */,
				04DC7E291EFB9697007D448C /* Info.plist */,
			);
			path = MQTTIMDemoTests;
			sourceTree = "<group>";
		};
		04DC7E311EFB9697007D448C /* MQTTIMDemoUITests */ = {
			isa = PBXGroup;
			children = (
				04DC7E321EFB9697007D448C /* MQTTIMDemoUITests.m */,
				04DC7E341EFB9697007D448C /* Info.plist */,
			);
			path = MQTTIMDemoUITests;
			sourceTree = "<group>";
		};
		86EE639787312D8F70462169 /* Pods */ = {
			isa = PBXGroup;
			children = (
				358775077171DF46C3CFC595 /* Pods-MQTTIMDemo.debug.xcconfig */,
				3EA1D89938DCD99AA00AC168 /* Pods-MQTTIMDemo.release.xcconfig */,
			);
			name = Pods;
			sourceTree = "<group>";
		};
		F645401F7B4EEF8144626472 /* Frameworks */ = {
			isa = PBXGroup;
			children = (
				8D11D6039A1FE222E3A47C12 /* libPods-MQTTIMDemo.a */,
			);
			name = Frameworks;
			sourceTree = "<group>";
		};
/* End PBXGroup section */

/* Begin PBXNativeTarget section */
		04DC7E091EFB9694007D448C /* MQTTIMDemo */ = {
			isa = PBXNativeTarget;
			buildConfigurationList = 04DC7E371EFB9697007D448C /* Build configuration list for PBXNativeTarget "MQTTIMDemo" */;
			buildPhases = (
				B898269AA85B489D2B94C2A2 /* [CP] Check Pods Manifest.lock */,
				04DC7E061EFB9694007D448C /* Sources */,
				04DC7E071EFB9694007D448C /* Frameworks */,
				04DC7E081EFB9694007D448C /* Resources */,
				6BB92B5FCEC9E4F0DDB406A4 /* [CP] Embed Pods Frameworks */,
				6DF2C6F8AB858B3B2E1CD950 /* [CP] Copy Pods Resources */,
			);
			buildRules = (
			);
			dependencies = (
			);
			name = MQTTIMDemo;
			productName = MQTTIMDemo;
			productReference = 04DC7E0A1EFB9695007D448C /* MQTTIMDemo.app */;
			productType = "com.apple.product-type.application";
		};
		04DC7E221EFB9697007D448C /* MQTTIMDemoTests */ = {
			isa = PBXNativeTarget;
			buildConfigurationList = 04DC7E3A1EFB9697007D448C /* Build configuration list for PBXNativeTarget "MQTTIMDemoTests" */;
			buildPhases = (
				04DC7E1F1EFB9697007D448C /* Sources */,
				04DC7E201EFB9697007D448C /* Frameworks */,
				04DC7E211EFB9697007D448C /* Resources */,
			);
			buildRules = (
			);
			dependencies = (
				04DC7E251EFB9697007D448C /* PBXTargetDependency */,
			);
			name = MQTTIMDemoTests;
			productName = MQTTIMDemoTests;
			productReference = 04DC7E231EFB9697007D448C /* MQTTIMDemoTests.xctest */;
			productType = "com.apple.product-type.bundle.unit-test";
		};
		04DC7E2D1EFB9697007D448C /* MQTTIMDemoUITests */ = {
			isa = PBXNativeTarget;
			buildConfigurationList = 04DC7E3D1EFB9697007D448C /* Build configuration list for PBXNativeTarget "MQTTIMDemoUITests" */;
			buildPhases = (
				04DC7E2A1EFB9697007D448C /* Sources */,
				04DC7E2B1EFB9697007D448C /* Frameworks */,
				04DC7E2C1EFB9697007D448C /* Resources */,
			);
			buildRules = (
			);
			dependencies = (
				04DC7E301EFB9697007D448C /* PBXTargetDependency */,
			);
			name = MQTTIMDemoUITests;
			productName = MQTTIMDemoUITests;
			productReference = 04DC7E2E1EFB9697007D448C /* MQTTIMDemoUITests.xctest */;
			productType = "com.apple.product-type.bundle.ui-testing";
		};
/* End PBXNativeTarget section */

/* Begin PBXProject section */
		04DC7E021EFB9694007D448C /* Project object */ = {
			isa = PBXProject;
			attributes = {
				LastUpgradeCheck = 0830;
				ORGANIZATIONNAME = mac;
				TargetAttributes = {
					04DC7E091EFB9694007D448C = {
						CreatedOnToolsVersion = 8.3.2;
						ProvisioningStyle = Automatic;
					};
					04DC7E221EFB9697007D448C = {
						CreatedOnToolsVersion = 8.3.2;
						ProvisioningStyle = Automatic;
						TestTargetID = 04DC7E091EFB9694007D448C;
					};
					04DC7E2D1EFB9697007D448C = {
						CreatedOnToolsVersion = 8.3.2;
						ProvisioningStyle = Automatic;
						TestTargetID = 04DC7E091EFB9694007D448C;
					};
				};
			};
			buildConfigurationList = 04DC7E051EFB9694007D448C /* Build configuration list for PBXProject "MQTTIMDemo" */;
			compatibilityVersion = "Xcode 3.2";
			developmentRegion = English;
			hasScannedForEncodings = 0;
			knownRegions = (
				en,
				Base,
			);
			mainGroup = 04DC7E011EFB9694007D448C;
			productRefGroup = 04DC7E0B1EFB9695007D448C /* Products */;
			projectDirPath = "";
			projectRoot = "";
			targets = (
				04DC7E091EFB9694007D448C /* MQTTIMDemo */,
				04DC7E221EFB9697007D448C /* MQTTIMDemoTests */,
				04DC7E2D1EFB9697007D448C /* MQTTIMDemoUITests */,
			);
		};
/* End PBXProject section */

/* Begin PBXResourcesBuildPhase section */
		04DC7E081EFB9694007D448C /* Resources */ = {
			isa = PBXResourcesBuildPhase;
			buildActionMask = 2147483647;
			files = (
				04DC7E1D1EFB9697007D448C /* LaunchScreen.storyboard in Resources */,
				04DC7E1A1EFB9696007D448C /* Assets.xcassets in Resources */,
				04DC7E181EFB9696007D448C /* Main.storyboard in Resources */,
			);
			runOnlyForDeploymentPostprocessing = 0;
		};
		04DC7E211EFB9697007D448C /* Resources */ = {
			isa = PBXResourcesBuildPhase;
			buildActionMask = 2147483647;
			files = (
			);
			runOnlyForDeploymentPostprocessing = 0;
		};
		04DC7E2C1EFB9697007D448C /* Resources */ = {
			isa = PBXResourcesBuildPhase;
			buildActionMask = 2147483647;
			files = (
			);
			runOnlyForDeploymentPostprocessing = 0;
		};
/* End PBXResourcesBuildPhase section */

/* Begin PBXShellScriptBuildPhase section */
		6BB92B5FCEC9E4F0DDB406A4 /* [CP] Embed Pods Frameworks */ = {
			isa = PBXShellScriptBuildPhase;
			buildActionMask = 2147483647;
			files = (
			);
			inputPaths = (
			);
			name = "[CP] Embed Pods Frameworks";
			outputPaths = (
			);
			runOnlyForDeploymentPostprocessing = 0;
			shellPath = /bin/sh;
			shellScript = "\"${SRCROOT}/Pods/Target Support Files/Pods-MQTTIMDemo/Pods-MQTTIMDemo-frameworks.sh\"\n";
			showEnvVarsInLog = 0;
		};
		6DF2C6F8AB858B3B2E1CD950 /* [CP] Copy Pods Resources */ = {
			isa = PBXShellScriptBuildPhase;
			buildActionMask = 2147483647;
			files = (
			);
			inputPaths = (
			);
			name = "[CP] Copy Pods Resources";
			outputPaths = (
			);
			runOnlyForDeploymentPostprocessing = 0;
			shellPath = /bin/sh;
			shellScript = "\"${SRCROOT}/Pods/Target Support Files/Pods-MQTTIMDemo/Pods-MQTTIMDemo-resources.sh\"\n";
			showEnvVarsInLog = 0;
		};
		B898269AA85B489D2B94C2A2 /* [CP] Check Pods Manifest.lock */ = {
			isa = PBXShellScriptBuildPhase;
			buildActionMask = 2147483647;
			files = (
			);
			inputPaths = (
			);
			name = "[CP] Check Pods Manifest.lock";
			outputPaths = (
			);
			runOnlyForDeploymentPostprocessing = 0;
			shellPath = /bin/sh;
			shellScript = "diff \"${PODS_PODFILE_DIR_PATH}/Podfile.lock\" \"${PODS_ROOT}/Manifest.lock\" > /dev/null\nif [ $? != 0 ] ; then\n    # print error to STDERR\n    echo \"error: The sandbox is not in sync with the Podfile.lock. Run 'pod install' or update your CocoaPods installation.\" >&2\n    exit 1\nfi\n";
			showEnvVarsInLog = 0;
		};
/* End PBXShellScriptBuildPhase section */

/* Begin PBXSourcesBuildPhase section */
		04DC7E061EFB9694007D448C /* Sources */ = {
			isa = PBXSourcesBuildPhase;
			buildActionMask = 2147483647;
			files = (
				04DC7E151EFB9695007D448C /* ViewController.m in Sources */,
				04DC7E421EFBBB07007D448C /* MQTTManager.m in Sources */,
				04DC7E121EFB9695007D448C /* AppDelegate.m in Sources */,
				04DC7E0F1EFB9695007D448C /* main.m in Sources */,
			);
			runOnlyForDeploymentPostprocessing = 0;
		};
		04DC7E1F1EFB9697007D448C /* Sources */ = {
			isa = PBXSourcesBuildPhase;
			buildActionMask = 2147483647;
			files = (
				04DC7E281EFB9697007D448C /* MQTTIMDemoTests.m in Sources */,
			);
			runOnlyForDeploymentPostprocessing = 0;
		};
		04DC7E2A1EFB9697007D448C /* Sources */ = {
			isa = PBXSourcesBuildPhase;
			buildActionMask = 2147483647;
			files = (
				04DC7E331EFB9697007D448C /* MQTTIMDemoUITests.m in Sources */,
			);
			runOnlyForDeploymentPostprocessing = 0;
		};
/* End PBXSourcesBuildPhase section */

/* Begin PBXTargetDependency section */
		04DC7E251EFB9697007D448C /* PBXTargetDependency */ = {
			isa = PBXTargetDependency;
			target = 04DC7E091EFB9694007D448C /* MQTTIMDemo */;
			targetProxy = 04DC7E241EFB9697007D448C /* PBXContainerItemProxy */;
		};
		04DC7E301EFB9697007D448C /* PBXTargetDependency */ = {
			isa = PBXTargetDependency;
			target = 04DC7E091EFB9694007D448C /* MQTTIMDemo */;
			targetProxy = 04DC7E2F1EFB9697007D448C /* PBXContainerItemProxy */;
		};
/* End PBXTargetDependency section */

/* Begin PBXVariantGroup section */
		04DC7E161EFB9696007D448C /* Main.storyboard */ = {
			isa = PBXVariantGroup;
			children = (
				04DC7E171EFB9696007D448C /* Base */,
			);
			name = Main.storyboard;
			sourceTree = "<group>";
		};
		04DC7E1B1EFB9697007D448C /* LaunchScreen.storyboard */ = {
			isa = PBXVariantGroup;
			children = (
				04DC7E1C1EFB9697007D448C /* Base */,
			);
			name = LaunchScreen.storyboard;
			sourceTree = "<group>";
		};
/* End PBXVariantGroup section */

/* Begin XCBuildConfiguration section */
		04DC7E351EFB9697007D448C /* Debug */ = {
			isa = XCBuildConfiguration;
			buildSettings = {
				ALWAYS_SEARCH_USER_PATHS = NO;
				CLANG_ANALYZER_NONNULL = YES;
				CLANG_ANALYZER_NUMBER_OBJECT_CONVERSION = YES_AGGRESSIVE;
				CLANG_CXX_LANGUAGE_STANDARD = "gnu++0x";
				CLANG_CXX_LIBRARY = "libc++";
				CLANG_ENABLE_MODULES = YES;
				CLANG_ENABLE_OBJC_ARC = YES;
				CLANG_WARN_BOOL_CONVERSION = YES;
				CLANG_WARN_CONSTANT_CONVERSION = YES;
				CLANG_WARN_DIRECT_OBJC_ISA_USAGE = YES_ERROR;
				CLANG_WARN_DOCUMENTATION_COMMENTS = YES;
				CLANG_WARN_EMPTY_BODY = YES;
				CLANG_WARN_ENUM_CONVERSION = YES;
				CLANG_WARN_INFINITE_RECURSION = YES;
				CLANG_WARN_INT_CONVERSION = YES;
				CLANG_WARN_OBJC_ROOT_CLASS = YES_ERROR;
				CLANG_WARN_SUSPICIOUS_MOVE = YES;
				CLANG_WARN_UNREACHABLE_CODE = YES;
				CLANG_WARN__DUPLICATE_METHOD_MATCH = YES;
				"CODE_SIGN_IDENTITY[sdk=iphoneos*]" = "iPhone Developer";
				COPY_PHASE_STRIP = NO;
				DEBUG_INFORMATION_FORMAT = dwarf;
				ENABLE_STRICT_OBJC_MSGSEND = YES;
				ENABLE_TESTABILITY = YES;
				GCC_C_LANGUAGE_STANDARD = gnu99;
				GCC_DYNAMIC_NO_PIC = NO;
				GCC_NO_COMMON_BLOCKS = YES;
				GCC_OPTIMIZATION_LEVEL = 0;
				GCC_PREPROCESSOR_DEFINITIONS = (
					"DEBUG=1",
					"$(inherited)",
				);
				GCC_WARN_64_TO_32_BIT_CONVERSION = YES;
				GCC_WARN_ABOUT_RETURN_TYPE = YES_ERROR;
				GCC_WARN_UNDECLARED_SELECTOR = YES;
				GCC_WARN_UNINITIALIZED_AUTOS = YES_AGGRESSIVE;
				GCC_WARN_UNUSED_FUNCTION = YES;
				GCC_WARN_UNUSED_VARIABLE = YES;
				IPHONEOS_DEPLOYMENT_TARGET = 10.3;
				MTL_ENABLE_DEBUG_INFO = YES;
				ONLY_ACTIVE_ARCH = YES;
				SDKROOT = iphoneos;
			};
			name = Debug;
		};
		04DC7E361EFB9697007D448C /* Release */ = {
			isa = XCBuildConfiguration;
			buildSettings = {
				ALWAYS_SEARCH_USER_PATHS = NO;
				CLANG_ANALYZER_NONNULL = YES;
				CLANG_ANALYZER_NUMBER_OBJECT_CONVERSION = YES_AGGRESSIVE;
				CLANG_CXX_LANGUAGE_STANDARD = "gnu++0x";
				CLANG_CXX_LIBRARY = "libc++";
				CLANG_ENABLE_MODULES = YES;
				CLANG_ENABLE_OBJC_ARC = YES;
				CLANG_WARN_BOOL_CONVERSION = YES;
				CLANG_WARN_CONSTANT_CONVERSION = YES;
				CLANG_WARN_DIRECT_OBJC_ISA_USAGE = YES_ERROR;
				CLANG_WARN_DOCUMENTATION_COMMENTS = YES;
				CLANG_WARN_EMPTY_BODY = YES;
				CLANG_WARN_ENUM_CONVERSION = YES;
				CLANG_WARN_INFINITE_RECURSION = YES;
				CLANG_WARN_INT_CONVERSION = YES;
				CLANG_WARN_OBJC_ROOT_CLASS = YES_ERROR;
				CLANG_WARN_SUSPICIOUS_MOVE = YES;
				CLANG_WARN_UNREACHABLE_CODE = YES;
				CLANG_WARN__DUPLICATE_METHOD_MATCH = YES;
				"CODE_SIGN_IDENTITY[sdk=iphoneos*]" = "iPhone Developer";
				COPY_PHASE_STRIP = NO;
				DEBUG_INFORMATION_FORMAT = "dwarf-with-dsym";
				ENABLE_NS_ASSERTIONS = NO;
				ENABLE_STRICT_OBJC_MSGSEND = YES;
				GCC_C_LANGUAGE_STANDARD = gnu99;
				GCC_NO_COMMON_BLOCKS = YES;
				GCC_WARN_64_TO_32_BIT_CONVERSION = YES;
				GCC_WARN_ABOUT_RETURN_TYPE = YES_ERROR;
				GCC_WARN_UNDECLARED_SELECTOR = YES;
				GCC_WARN_UNINITIALIZED_AUTOS = YES_AGGRESSIVE;
				GCC_WARN_UNUSED_FUNCTION = YES;
				GCC_WARN_UNUSED_VARIABLE = YES;
				IPHONEOS_DEPLOYMENT_TARGET = 10.3;
				MTL_ENABLE_DEBUG_INFO = NO;
				SDKROOT = iphoneos;
				VALIDATE_PRODUCT = YES;
			};
			name = Release;
		};
		04DC7E381EFB9697007D448C /* Debug */ = {
			isa = XCBuildConfiguration;
			baseConfigurationReference = 358775077171DF46C3CFC595 /* Pods-MQTTIMDemo.debug.xcconfig */;
			buildSettings = {
				ASSETCATALOG_COMPILER_APPICON_NAME = AppIcon;
				INFOPLIST_FILE = MQTTIMDemo/Info.plist;
				LD_RUNPATH_SEARCH_PATHS = "$(inherited) @executable_path/Frameworks";
				PRODUCT_BUNDLE_IDENTIFIER = zoe.MQTTIMDemo;
				PRODUCT_NAME = "$(TARGET_NAME)";
			};
			name = Debug;
		};
		04DC7E391EFB9697007D448C /* Release */ = {
			isa = XCBuildConfiguration;
			baseConfigurationReference = 3EA1D89938DCD99AA00AC168 /* Pods-MQTTIMDemo.release.xcconfig */;
			buildSettings = {
				ASSETCATALOG_COMPILER_APPICON_NAME = AppIcon;
				INFOPLIST_FILE = MQTTIMDemo/Info.plist;
				LD_RUNPATH_SEARCH_PATHS = "$(inherited) @executable_path/Frameworks";
				PRODUCT_BUNDLE_IDENTIFIER = zoe.MQTTIMDemo;
				PRODUCT_NAME = "$(TARGET_NAME)";
			};
			name = Release;
		};
		04DC7E3B1EFB9697007D448C /* Debug */ = {
			isa = XCBuildConfiguration;
			buildSettings = {
				BUNDLE_LOADER = "$(TEST_HOST)";
				INFOPLIST_FILE = MQTTIMDemoTests/Info.plist;
				LD_RUNPATH_SEARCH_PATHS = "$(inherited) @executable_path/Frameworks @loader_path/Frameworks";
				PRODUCT_BUNDLE_IDENTIFIER = zoe.MQTTIMDemoTests;
				PRODUCT_NAME = "$(TARGET_NAME)";
				TEST_HOST = "$(BUILT_PRODUCTS_DIR)/MQTTIMDemo.app/MQTTIMDemo";
			};
			name = Debug;
		};
		04DC7E3C1EFB9697007D448C /* Release */ = {
			isa = XCBuildConfiguration;
			buildSettings = {
				BUNDLE_LOADER = "$(TEST_HOST)";
				INFOPLIST_FILE = MQTTIMDemoTests/Info.plist;
				LD_RUNPATH_SEARCH_PATHS = "$(inherited) @executable_path/Frameworks @loader_path/Frameworks";
				PRODUCT_BUNDLE_IDENTIFIER = zoe.MQTTIMDemoTests;
				PRODUCT_NAME = "$(TARGET_NAME)";
				TEST_HOST = "$(BUILT_PRODUCTS_DIR)/MQTTIMDemo.app/MQTTIMDemo";
			};
			name = Release;
		};
		04DC7E3E1EFB9697007D448C /* Debug */ = {
			isa = XCBuildConfiguration;
			buildSettings = {
				INFOPLIST_FILE = MQTTIMDemoUITests/Info.plist;
				LD_RUNPATH_SEARCH_PATHS = "$(inherited) @executable_path/Frameworks @loader_path/Frameworks";
				PRODUCT_BUNDLE_IDENTIFIER = zoe.MQTTIMDemoUITests;
				PRODUCT_NAME = "$(TARGET_NAME)";
				TEST_TARGET_NAME = MQTTIMDemo;
			};
			name = Debug;
		};
		04DC7E3F1EFB9697007D448C /* Release */ = {
			isa = XCBuildConfiguration;
			buildSettings = {
				INFOPLIST_FILE = MQTTIMDemoUITests/Info.plist;
				LD_RUNPATH_SEARCH_PATHS = "$(inherited) @executable_path/Frameworks @loader_path/Frameworks";
				PRODUCT_BUNDLE_IDENTIFIER = zoe.MQTTIMDemoUITests;
				PRODUCT_NAME = "$(TARGET_NAME)";
				TEST_TARGET_NAME = MQTTIMDemo;
			};
			name = Release;
		};
/* End XCBuildConfiguration section */

/* Begin XCConfigurationList section */
		04DC7E051EFB9694007D448C /* Build configuration list for PBXProject "MQTTIMDemo" */ = {
			isa = XCConfigurationList;
			buildConfigurations = (
				04DC7E351EFB9697007D448C /* Debug */,
				04DC7E361EFB9697007D448C /* Release */,
			);
			defaultConfigurationIsVisible = 0;
			defaultConfigurationName = Release;
		};
		04DC7E371EFB9697007D448C /* Build configuration list for PBXNativeTarget "MQTTIMDemo" */ = {
			isa = XCConfigurationList;
			buildConfigurations = (
				04DC7E381EFB9697007D448C /* Debug */,
				04DC7E391EFB9697007D448C /* Release */,
			);
			defaultConfigurationIsVisible = 0;
			defaultConfigurationName = Release;
		};
		04DC7E3A1EFB9697007D448C /* Build configuration list for PBXNativeTarget "MQTTIMDemoTests" */ = {
			isa = XCConfigurationList;
			buildConfigurations = (
				04DC7E3B1EFB9697007D448C /* Debug */,
				04DC7E3C1EFB9697007D448C /* Release */,
			);
			defaultConfigurationIsVisible = 0;
			defaultConfigurationName = Release;
		};
		04DC7E3D1EFB9697007D448C /* Build configuration list for PBXNativeTarget "MQTTIMDemoUITests" */ = {
			isa = XCConfigurationList;
			buildConfigurations = (
				04DC7E3E1EFB9697007D448C /* Debug */,
				04DC7E3F1EFB9697007D448C /* Release */,
			);
			defaultConfigurationIsVisible = 0;
			defaultConfigurationName = Release;
		};
/* End XCConfigurationList section */
	};
	rootObject = 04DC7E021EFB9694007D448C /* Project object */;
}
